
Microsoft Visual Studio Solution File, Format Version 12.00
# Visual Studio 14
VisualStudioVersion = 14.0.24720.0
MinimumVisualStudioVersion = 10.0.40219.1
Project("{2150E333-8FDC-42A3-9474-1A3956D46DE8}") = "BookIT.Client.SPA", "BookIT.Client.SPA", "{81A1E476-6D56-492C-AAC9-3030182B7E27}"
EndProject
Project("{FAE04EC0-301F-11D3-BF4B-00C04F79EFBC}") = "BookIt.SPA", "BookIT.Client.SPA\BookIt.SPA.csproj", "{380E91AE-C3F6-4BA4-AB8F-EBA4386DB8D9}"
EndProject
Global
	GlobalSection(SolutionConfigurationPlatforms) = preSolution
		Debug|Any CPU = Debug|Any CPU
		Release|Any CPU = Release|Any CPU
	EndGlobalSection
	GlobalSection(ProjectConfigurationPlatforms) = postSolution
		{380E91AE-C3F6-4BA4-AB8F-EBA4386DB8D9}.Debug|Any CPU.ActiveCfg = Debug|Any CPU
		{380E91AE-C3F6-4BA4-AB8F-EBA4386DB8D9}.Debug|Any CPU.Build.0 = Debug|Any CPU
		{380E91AE-C3F6-4BA4-AB8F-EBA4386DB8D9}.Release|Any CPU.ActiveCfg = Release|Any CPU
		{380E91AE-C3F6-4BA4-AB8F-EBA4386DB8D9}.Release|Any CPU.Build.0 = Release|Any CPU
	EndGlobalSection
	GlobalSection(SolutionProperties) = preSolution
		HideSolutionNode = FALSE
	EndGlobalSection
	GlobalSection(NestedProjects) = preSolution
		{380E91AE-C3F6-4BA4-AB8F-EBA4386DB8D9} = {81A1E476-6D56-492C-AAC9-3030182B7E27}
	EndGlobalSection
EndGlobal
